// !$*UTF8*$!
{
	archiveVersion = 1;
	classes = {
	};
	objectVersion = 55;
	objects = {

/* Begin PBXBuildFile section */
		C78F6E3929AB0021000F1824 /* FavoritesListView.swift in Sources */ = {isa = PBXBuildFile; fileRef = C78F6E3829AB0021000F1824 /* FavoritesListView.swift */; };
		C78F6E3B29AB1A93000F1824 /* FavoriteListCellView.swift in Sources */ = {isa = PBXBuildFile; fileRef = C78F6E3A29AB1A93000F1824 /* FavoriteListCellView.swift */; };
		C78F6E3D29ABB225000F1824 /* ProductListViewModel.swift in Sources */ = {isa = PBXBuildFile; fileRef = C78F6E3C29ABB225000F1824 /* ProductListViewModel.swift */; };
		C78F6E3F29ABB98B000F1824 /* FavoriteListViewModel.swift in Sources */ = {isa = PBXBuildFile; fileRef = C78F6E3E29ABB98B000F1824 /* FavoriteListViewModel.swift */; };
		C78F6E4129ABC39F000F1824 /* GetProductsAPI.swift in Sources */ = {isa = PBXBuildFile; fileRef = C78F6E4029ABC39F000F1824 /* GetProductsAPI.swift */; };
		C78F6E4429ABC65F000F1824 /* ProductResponseModel.swift in Sources */ = {isa = PBXBuildFile; fileRef = C78F6E4329ABC65F000F1824 /* ProductResponseModel.swift */; };
		C78F6E4729ABCD79000F1824 /* GetProductsUseCaseGetProductUseCase.swift in Sources */ = {isa = PBXBuildFile; fileRef = C78F6E4629ABCD79000F1824 /* GetProductsUseCaseGetProductUseCase.swift */; };
		C78F6E4A29ABFDEE000F1824 /* AddProductToWhistListAPI.swift in Sources */ = {isa = PBXBuildFile; fileRef = C78F6E4929ABFDEE000F1824 /* AddProductToWhistListAPI.swift */; };
		C78F6E4C29AC00DD000F1824 /* GetWhisListUseCase.swift in Sources */ = {isa = PBXBuildFile; fileRef = C78F6E4B29AC00DD000F1824 /* GetWhisListUseCase.swift */; };
		C78F6E4E29AC019F000F1824 /* GetWhistListAPI.swift in Sources */ = {isa = PBXBuildFile; fileRef = C78F6E4D29AC019F000F1824 /* GetWhistListAPI.swift */; };
		C78F6E5029AC02F8000F1824 /* AddProductToWhisListUseCase.swift in Sources */ = {isa = PBXBuildFile; fileRef = C78F6E4F29AC02F8000F1824 /* AddProductToWhisListUseCase.swift */; };
		C7D1BB9529A97B0D007C1C8E /* TPDemoApp.swift in Sources */ = {isa = PBXBuildFile; fileRef = C7D1BB9429A97B0D007C1C8E /* TPDemoApp.swift */; };
		C7D1BB9729A97B0D007C1C8E /* ContentView.swift in Sources */ = {isa = PBXBuildFile; fileRef = C7D1BB9629A97B0D007C1C8E /* ContentView.swift */; };
		C7D1BB9929A97B10007C1C8E /* Assets.xcassets in Resources */ = {isa = PBXBuildFile; fileRef = C7D1BB9829A97B10007C1C8E /* Assets.xcassets */; };
		C7D1BB9C29A97B10007C1C8E /* Preview Assets.xcassets in Resources */ = {isa = PBXBuildFile; fileRef = C7D1BB9B29A97B10007C1C8E /* Preview Assets.xcassets */; };
		C7F9C2B929AAC5A900C737F8 /* ProductsListView.swift in Sources */ = {isa = PBXBuildFile; fileRef = C7F9C2B829AAC5A900C737F8 /* ProductsListView.swift */; };
		C7F9C2BB29AAC80300C737F8 /* ProductListCellView.swift in Sources */ = {isa = PBXBuildFile; fileRef = C7F9C2BA29AAC80300C737F8 /* ProductListCellView.swift */; };
		C7F9C2BD29AAEEE500C737F8 /* Product.swift in Sources */ = {isa = PBXBuildFile; fileRef = C7F9C2BC29AAEEE500C737F8 /* Product.swift */; };
/* End PBXBuildFile section */

/* Begin PBXFileReference section */
		C78F6E3829AB0021000F1824 /* FavoritesListView.swift */ = {isa = PBXFileReference; lastKnownFileType = sourcecode.swift; path = FavoritesListView.swift; sourceTree = "<group>"; };
		C78F6E3A29AB1A93000F1824 /* FavoriteListCellView.swift */ = {isa = PBXFileReference; lastKnownFileType = sourcecode.swift; path = FavoriteListCellView.swift; sourceTree = "<group>"; };
		C78F6E3C29ABB225000F1824 /* ProductListViewModel.swift */ = {isa = PBXFileReference; lastKnownFileType = sourcecode.swift; path = ProductListViewModel.swift; sourceTree = "<group>"; };
		C78F6E3E29ABB98B000F1824 /* FavoriteListViewModel.swift */ = {isa = PBXFileReference; lastKnownFileType = sourcecode.swift; path = FavoriteListViewModel.swift; sourceTree = "<group>"; };
		C78F6E4029ABC39F000F1824 /* GetProductsAPI.swift */ = {isa = PBXFileReference; lastKnownFileType = sourcecode.swift; path = GetProductsAPI.swift; sourceTree = "<group>"; };
		C78F6E4329ABC65F000F1824 /* ProductResponseModel.swift */ = {isa = PBXFileReference; lastKnownFileType = sourcecode.swift; path = ProductResponseModel.swift; sourceTree = "<group>"; };
		C78F6E4629ABCD79000F1824 /* GetProductsUseCaseGetProductUseCase.swift */ = {isa = PBXFileReference; lastKnownFileType = sourcecode.swift; path = GetProductsUseCaseGetProductUseCase.swift; sourceTree = "<group>"; };
		C78F6E4929ABFDEE000F1824 /* AddProductToWhistListAPI.swift */ = {isa = PBXFileReference; lastKnownFileType = sourcecode.swift; path = AddProductToWhistListAPI.swift; sourceTree = "<group>"; };
		C78F6E4B29AC00DD000F1824 /* GetWhisListUseCase.swift */ = {isa = PBXFileReference; lastKnownFileType = sourcecode.swift; path = GetWhisListUseCase.swift; sourceTree = "<group>"; };
		C78F6E4D29AC019F000F1824 /* GetWhistListAPI.swift */ = {isa = PBXFileReference; lastKnownFileType = sourcecode.swift; path = GetWhistListAPI.swift; sourceTree = "<group>"; };
		C78F6E4F29AC02F8000F1824 /* AddProductToWhisListUseCase.swift */ = {isa = PBXFileReference; lastKnownFileType = sourcecode.swift; path = AddProductToWhisListUseCase.swift; sourceTree = "<group>"; };
		C7D1BB9129A97B0D007C1C8E /* TPDemo.app */ = {isa = PBXFileReference; explicitFileType = wrapper.application; includeInIndex = 0; path = TPDemo.app; sourceTree = BUILT_PRODUCTS_DIR; };
		C7D1BB9429A97B0D007C1C8E /* TPDemoApp.swift */ = {isa = PBXFileReference; lastKnownFileType = sourcecode.swift; path = TPDemoApp.swift; sourceTree = "<group>"; };
		C7D1BB9629A97B0D007C1C8E /* ContentView.swift */ = {isa = PBXFileReference; lastKnownFileType = sourcecode.swift; path = ContentView.swift; sourceTree = "<group>"; };
		C7D1BB9829A97B10007C1C8E /* Assets.xcassets */ = {isa = PBXFileReference; lastKnownFileType = folder.assetcatalog; path = Assets.xcassets; sourceTree = "<group>"; };
		C7D1BB9B29A97B10007C1C8E /* Preview Assets.xcassets */ = {isa = PBXFileReference; lastKnownFileType = folder.assetcatalog; path = "Preview Assets.xcassets"; sourceTree = "<group>"; };
		C7F9C2B829AAC5A900C737F8 /* ProductsListView.swift */ = {isa = PBXFileReference; lastKnownFileType = sourcecode.swift; path = ProductsListView.swift; sourceTree = "<group>"; };
		C7F9C2BA29AAC80300C737F8 /* ProductListCellView.swift */ = {isa = PBXFileReference; lastKnownFileType = sourcecode.swift; path = ProductListCellView.swift; sourceTree = "<group>"; };
		C7F9C2BC29AAEEE500C737F8 /* Product.swift */ = {isa = PBXFileReference; lastKnownFileType = sourcecode.swift; path = Product.swift; sourceTree = "<group>"; };
/* End PBXFileReference section */

/* Begin PBXFrameworksBuildPhase section */
		C7D1BB8E29A97B0D007C1C8E /* Frameworks */ = {
			isa = PBXFrameworksBuildPhase;
			buildActionMask = 2147483647;
			files = (
			);
			runOnlyForDeploymentPostprocessing = 0;
		};
/* End PBXFrameworksBuildPhase section */

/* Begin PBXGroup section */
		C78F6E3629AAFFDB000F1824 /* PLP */ = {
			isa = PBXGroup;
			children = (
				C7F9C2B829AAC5A900C737F8 /* ProductsListView.swift */,
				C7F9C2BA29AAC80300C737F8 /* ProductListCellView.swift */,
				C78F6E3C29ABB225000F1824 /* ProductListViewModel.swift */,
			);
			path = PLP;
			sourceTree = "<group>";
		};
		C78F6E3729AAFFF0000F1824 /* Favorites */ = {
			isa = PBXGroup;
			children = (
				C78F6E3829AB0021000F1824 /* FavoritesListView.swift */,
				C78F6E3A29AB1A93000F1824 /* FavoriteListCellView.swift */,
				C78F6E3E29ABB98B000F1824 /* FavoriteListViewModel.swift */,
			);
			path = Favorites;
			sourceTree = "<group>";
		};
		C78F6E4229ABC460000F1824 /* GetProducts */ = {
			isa = PBXGroup;
			children = (
				C78F6E4029ABC39F000F1824 /* GetProductsAPI.swift */,
				C78F6E4329ABC65F000F1824 /* ProductResponseModel.swift */,
			);
			path = GetProducts;
			sourceTree = "<group>";
		};
		C78F6E4529ABCD52000F1824 /* UseCases */ = {
			isa = PBXGroup;
			children = (
				C78F6E4629ABCD79000F1824 /* GetProductsUseCaseGetProductUseCase.swift */,
				C78F6E4B29AC00DD000F1824 /* GetWhisListUseCase.swift */,
				C78F6E4F29AC02F8000F1824 /* AddProductToWhisListUseCase.swift */,
			);
			path = UseCases;
			sourceTree = "<group>";
		};
		C78F6E4829ABFDD2000F1824 /* AddToWhisList */ = {
			isa = PBXGroup;
			children = (
				C78F6E4929ABFDEE000F1824 /* AddProductToWhistListAPI.swift */,
				C78F6E4D29AC019F000F1824 /* GetWhistListAPI.swift */,
			);
			path = AddToWhisList;
			sourceTree = "<group>";
		};
		C7D1BB8829A97B0D007C1C8E = {
			isa = PBXGroup;
			children = (
				C7D1BB9329A97B0D007C1C8E /* TPDemo */,
				C7D1BB9229A97B0D007C1C8E /* Products */,
			);
			sourceTree = "<group>";
		};
		C7D1BB9229A97B0D007C1C8E /* Products */ = {
			isa = PBXGroup;
			children = (
				C7D1BB9129A97B0D007C1C8E /* TPDemo.app */,
			);
			name = Products;
			sourceTree = "<group>";
		};
		C7D1BB9329A97B0D007C1C8E /* TPDemo */ = {
			isa = PBXGroup;
			children = (
				C7D1BBA429A97B30007C1C8E /* Presentation */,
				C7F9C2BF29AAEF3200C737F8 /* Domain */,
				C7F9C2BE29AAEF2C00C737F8 /* Data */,
				C7D1BB9429A97B0D007C1C8E /* TPDemoApp.swift */,
				C7D1BB9629A97B0D007C1C8E /* ContentView.swift */,
				C7D1BB9829A97B10007C1C8E /* Assets.xcassets */,
				C7D1BB9A29A97B10007C1C8E /* Preview Content */,
			);
			path = TPDemo;
			sourceTree = "<group>";
		};
		C7D1BB9A29A97B10007C1C8E /* Preview Content */ = {
			isa = PBXGroup;
			children = (
				C7D1BB9B29A97B10007C1C8E /* Preview Assets.xcassets */,
			);
			path = "Preview Content";
			sourceTree = "<group>";
		};
		C7D1BBA229A97B1D007C1C8E /* Entities */ = {
			isa = PBXGroup;
			children = (
				C7F9C2BC29AAEEE500C737F8 /* Product.swift */,
			);
			path = Entities;
			sourceTree = "<group>";
		};
		C7D1BBA329A97B29007C1C8E /* Network */ = {
			isa = PBXGroup;
			children = (
				C78F6E4829ABFDD2000F1824 /* AddToWhisList */,
				C78F6E4229ABC460000F1824 /* GetProducts */,
			);
			path = Network;
			sourceTree = "<group>";
		};
		C7D1BBA429A97B30007C1C8E /* Presentation */ = {
			isa = PBXGroup;
			children = (
				C78F6E3729AAFFF0000F1824 /* Favorites */,
				C78F6E3629AAFFDB000F1824 /* PLP */,
			);
			path = Presentation;
			sourceTree = "<group>";
		};
		C7F9C2BE29AAEF2C00C737F8 /* Data */ = {
			isa = PBXGroup;
			children = (
				C7D1BBA329A97B29007C1C8E /* Network */,
			);
			path = Data;
			sourceTree = "<group>";
		};
		C7F9C2BF29AAEF3200C737F8 /* Domain */ = {
			isa = PBXGroup;
			children = (
				C78F6E4529ABCD52000F1824 /* UseCases */,
				C7D1BBA229A97B1D007C1C8E /* Entities */,
			);
			path = Domain;
			sourceTree = "<group>";
		};
/* End PBXGroup section */

/* Begin PBXNativeTarget section */
		C7D1BB9029A97B0D007C1C8E /* TPDemo */ = {
			isa = PBXNativeTarget;
			buildConfigurationList = C7D1BB9F29A97B10007C1C8E /* Build configuration list for PBXNativeTarget "TPDemo" */;
			buildPhases = (
				C7D1BB8D29A97B0D007C1C8E /* Sources */,
				C7D1BB8E29A97B0D007C1C8E /* Frameworks */,
				C7D1BB8F29A97B0D007C1C8E /* Resources */,
			);
			buildRules = (
			);
			dependencies = (
			);
			name = TPDemo;
			productName = TPDemo;
			productReference = C7D1BB9129A97B0D007C1C8E /* TPDemo.app */;
			productType = "com.apple.product-type.application";
		};
/* End PBXNativeTarget section */

/* Begin PBXProject section */
		C7D1BB8929A97B0D007C1C8E /* Project object */ = {
			isa = PBXProject;
			attributes = {
				BuildIndependentTargetsInParallel = 1;
				LastSwiftUpdateCheck = 1310;
				LastUpgradeCheck = 1310;
				TargetAttributes = {
					C7D1BB9029A97B0D007C1C8E = {
						CreatedOnToolsVersion = 13.1;
					};
				};
			};
			buildConfigurationList = C7D1BB8C29A97B0D007C1C8E /* Build configuration list for PBXProject "TPDemo" */;
			compatibilityVersion = "Xcode 13.0";
			developmentRegion = en;
			hasScannedForEncodings = 0;
			knownRegions = (
				en,
				Base,
			);
			mainGroup = C7D1BB8829A97B0D007C1C8E;
			productRefGroup = C7D1BB9229A97B0D007C1C8E /* Products */;
			projectDirPath = "";
			projectRoot = "";
			targets = (
				C7D1BB9029A97B0D007C1C8E /* TPDemo */,
			);
		};
/* End PBXProject section */

/* Begin PBXResourcesBuildPhase section */
		C7D1BB8F29A97B0D007C1C8E /* Resources */ = {
			isa = PBXResourcesBuildPhase;
			buildActionMask = 2147483647;
			files = (
				C7D1BB9C29A97B10007C1C8E /* Preview Assets.xcassets in Resources */,
				C7D1BB9929A97B10007C1C8E /* Assets.xcassets in Resources */,
			);
			runOnlyForDeploymentPostprocessing = 0;
		};
/* End PBXResourcesBuildPhase section */

/* Begin PBXSourcesBuildPhase section */
		C7D1BB8D29A97B0D007C1C8E /* Sources */ = {
			isa = PBXSourcesBuildPhase;
			buildActionMask = 2147483647;
			files = (
				C7F9C2BB29AAC80300C737F8 /* ProductListCellView.swift in Sources */,
				C7D1BB9729A97B0D007C1C8E /* ContentView.swift in Sources */,
				C78F6E3929AB0021000F1824 /* FavoritesListView.swift in Sources */,
				C78F6E4129ABC39F000F1824 /* GetProductsAPI.swift in Sources */,
				C7F9C2BD29AAEEE500C737F8 /* Product.swift in Sources */,
				C78F6E3B29AB1A93000F1824 /* FavoriteListCellView.swift in Sources */,
				C7D1BB9529A97B0D007C1C8E /* TPDemoApp.swift in Sources */,
				C78F6E4429ABC65F000F1824 /* ProductResponseModel.swift in Sources */,
				C78F6E4729ABCD79000F1824 /* GetProductsUseCaseGetProductUseCase.swift in Sources */,
				C78F6E3F29ABB98B000F1824 /* FavoriteListViewModel.swift in Sources */,
				C78F6E3D29ABB225000F1824 /* ProductListViewModel.swift in Sources */,
				C78F6E5029AC02F8000F1824 /* AddProductToWhisListUseCase.swift in Sources */,
				C78F6E4E29AC019F000F1824 /* GetWhistListAPI.swift in Sources */,
				C78F6E4A29ABFDEE000F1824 /* AddProductToWhistListAPI.swift in Sources */,
				C7F9C2B929AAC5A900C737F8 /* ProductsListView.swift in Sources */,
				C78F6E4C29AC00DD000F1824 /* GetWhisListUseCase.swift in Sources */,
			);
			runOnlyForDeploymentPostprocessing = 0;
		};
/* End PBXSourcesBuildPhase section */

/* Begin XCBuildConfiguration section */
		C7D1BB9D29A97B10007C1C8E /* Debug */ = {
			isa = XCBuildConfiguration;
			buildSettings = {
				ALWAYS_SEARCH_USER_PATHS = NO;
				CLANG_ANALYZER_NONNULL = YES;
				CLANG_ANALYZER_NUMBER_OBJECT_CONVERSION = YES_AGGRESSIVE;
				CLANG_CXX_LANGUAGE_STANDARD = "gnu++17";
				CLANG_CXX_LIBRARY = "libc++";
				CLANG_ENABLE_MODULES = YES;
				CLANG_ENABLE_OBJC_ARC = YES;
				CLANG_ENABLE_OBJC_WEAK = YES;
				CLANG_WARN_BLOCK_CAPTURE_AUTORELEASING = YES;
				CLANG_WARN_BOOL_CONVERSION = YES;
				CLANG_WARN_COMMA = YES;
				CLANG_WARN_CONSTANT_CONVERSION = YES;
				CLANG_WARN_DEPRECATED_OBJC_IMPLEMENTATIONS = YES;
				CLANG_WARN_DIRECT_OBJC_ISA_USAGE = YES_ERROR;
				CLANG_WARN_DOCUMENTATION_COMMENTS = YES;
				CLANG_WARN_EMPTY_BODY = YES;
				CLANG_WARN_ENUM_CONVERSION = YES;
				CLANG_WARN_INFINITE_RECURSION = YES;
				CLANG_WARN_INT_CONVERSION = YES;
				CLANG_WARN_NON_LITERAL_NULL_CONVERSION = YES;
				CLANG_WARN_OBJC_IMPLICIT_RETAIN_SELF = YES;
				CLANG_WARN_OBJC_LITERAL_CONVERSION = YES;
				CLANG_WARN_OBJC_ROOT_CLASS = YES_ERROR;
				CLANG_WARN_QUOTED_INCLUDE_IN_FRAMEWORK_HEADER = YES;
				CLANG_WARN_RANGE_LOOP_ANALYSIS = YES;
				CLANG_WARN_STRICT_PROTOTYPES = YES;
				CLANG_WARN_SUSPICIOUS_MOVE = YES;
				CLANG_WARN_UNGUARDED_AVAILABILITY = YES_AGGRESSIVE;
				CLANG_WARN_UNREACHABLE_CODE = YES;
				CLANG_WARN__DUPLICATE_METHOD_MATCH = YES;
				COPY_PHASE_STRIP = NO;
				DEBUG_INFORMATION_FORMAT = dwarf;
				ENABLE_STRICT_OBJC_MSGSEND = YES;
				ENABLE_TESTABILITY = YES;
				GCC_C_LANGUAGE_STANDARD = gnu11;
				GCC_DYNAMIC_NO_PIC = NO;
				GCC_NO_COMMON_BLOCKS = YES;
				GCC_OPTIMIZATION_LEVEL = 0;
				GCC_PREPROCESSOR_DEFINITIONS = (
					"DEBUG=1",
					"$(inherited)",
				);
				GCC_WARN_64_TO_32_BIT_CONVERSION = YES;
				GCC_WARN_ABOUT_RETURN_TYPE = YES_ERROR;
				GCC_WARN_UNDECLARED_SELECTOR = YES;
				GCC_WARN_UNINITIALIZED_AUTOS = YES_AGGRESSIVE;
				GCC_WARN_UNUSED_FUNCTION = YES;
				GCC_WARN_UNUSED_VARIABLE = YES;
				IPHONEOS_DEPLOYMENT_TARGET = 15.0;
				MTL_ENABLE_DEBUG_INFO = INCLUDE_SOURCE;
				MTL_FAST_MATH = YES;
				ONLY_ACTIVE_ARCH = YES;
				SDKROOT = iphoneos;
				SWIFT_ACTIVE_COMPILATION_CONDITIONS = DEBUG;
				SWIFT_OPTIMIZATION_LEVEL = "-Onone";
			};
			name = Debug;
		};
		C7D1BB9E29A97B10007C1C8E /* Release */ = {
			isa = XCBuildConfiguration;
			buildSettings = {
				ALWAYS_SEARCH_USER_PATHS = NO;
				CLANG_ANALYZER_NONNULL = YES;
				CLANG_ANALYZER_NUMBER_OBJECT_CONVERSION = YES_AGGRESSIVE;
				CLANG_CXX_LANGUAGE_STANDARD = "gnu++17";
				CLANG_CXX_LIBRARY = "libc++";
				CLANG_ENABLE_MODULES = YES;
				CLANG_ENABLE_OBJC_ARC = YES;
				CLANG_ENABLE_OBJC_WEAK = YES;
				CLANG_WARN_BLOCK_CAPTURE_AUTORELEASING = YES;
				CLANG_WARN_BOOL_CONVERSION = YES;
				CLANG_WARN_COMMA = YES;
				CLANG_WARN_CONSTANT_CONVERSION = YES;
				CLANG_WARN_DEPRECATED_OBJC_IMPLEMENTATIONS = YES;
				CLANG_WARN_DIRECT_OBJC_ISA_USAGE = YES_ERROR;
				CLANG_WARN_DOCUMENTATION_COMMENTS = YES;
				CLANG_WARN_EMPTY_BODY = YES;
				CLANG_WARN_ENUM_CONVERSION = YES;
				CLANG_WARN_INFINITE_RECURSION = YES;
				CLANG_WARN_INT_CONVERSION = YES;
				CLANG_WARN_NON_LITERAL_NULL_CONVERSION = YES;
				CLANG_WARN_OBJC_IMPLICIT_RETAIN_SELF = YES;
				CLANG_WARN_OBJC_LITERAL_CONVERSION = YES;
				CLANG_WARN_OBJC_ROOT_CLASS = YES_ERROR;
				CLANG_WARN_QUOTED_INCLUDE_IN_FRAMEWORK_HEADER = YES;
				CLANG_WARN_RANGE_LOOP_ANALYSIS = YES;
				CLANG_WARN_STRICT_PROTOTYPES = YES;
				CLANG_WARN_SUSPICIOUS_MOVE = YES;
				CLANG_WARN_UNGUARDED_AVAILABILITY = YES_AGGRESSIVE;
				CLANG_WARN_UNREACHABLE_CODE = YES;
				CLANG_WARN__DUPLICATE_METHOD_MATCH = YES;
				COPY_PHASE_STRIP = NO;
				DEBUG_INFORMATION_FORMAT = "dwarf-with-dsym";
				ENABLE_NS_ASSERTIONS = NO;
				ENABLE_STRICT_OBJC_MSGSEND = YES;
				GCC_C_LANGUAGE_STANDARD = gnu11;
				GCC_NO_COMMON_BLOCKS = YES;
				GCC_WARN_64_TO_32_BIT_CONVERSION = YES;
				GCC_WARN_ABOUT_RETURN_TYPE = YES_ERROR;
				GCC_WARN_UNDECLARED_SELECTOR = YES;
				GCC_WARN_UNINITIALIZED_AUTOS = YES_AGGRESSIVE;
				GCC_WARN_UNUSED_FUNCTION = YES;
				GCC_WARN_UNUSED_VARIABLE = YES;
				IPHONEOS_DEPLOYMENT_TARGET = 15.0;
				MTL_ENABLE_DEBUG_INFO = NO;
				MTL_FAST_MATH = YES;
				SDKROOT = iphoneos;
				SWIFT_COMPILATION_MODE = wholemodule;
				SWIFT_OPTIMIZATION_LEVEL = "-O";
				VALIDATE_PRODUCT = YES;
			};
			name = Release;
		};
		C7D1BBA029A97B10007C1C8E /* Debug */ = {
			isa = XCBuildConfiguration;
			buildSettings = {
				ASSETCATALOG_COMPILER_APPICON_NAME = AppIcon;
				ASSETCATALOG_COMPILER_GLOBAL_ACCENT_COLOR_NAME = AccentColor;
				CODE_SIGN_STYLE = Automatic;
				CURRENT_PROJECT_VERSION = 1;
				DEVELOPMENT_ASSET_PATHS = "\"TPDemo/Preview Content\"";
				DEVELOPMENT_TEAM = 3Z28V672S2;
				ENABLE_PREVIEWS = YES;
				GENERATE_INFOPLIST_FILE = YES;
				INFOPLIST_KEY_UIApplicationSceneManifest_Generation = YES;
				INFOPLIST_KEY_UIApplicationSupportsIndirectInputEvents = YES;
				INFOPLIST_KEY_UILaunchScreen_Generation = YES;
				INFOPLIST_KEY_UISupportedInterfaceOrientations_iPad = "UIInterfaceOrientationPortrait UIInterfaceOrientationPortraitUpsideDown UIInterfaceOrientationLandscapeLeft UIInterfaceOrientationLandscapeRight";
				INFOPLIST_KEY_UISupportedInterfaceOrientations_iPhone = "UIInterfaceOrientationPortrait UIInterfaceOrientationLandscapeLeft UIInterfaceOrientationLandscapeRight";
				IPHONEOS_DEPLOYMENT_TARGET = 16.1;
				LD_RUNPATH_SEARCH_PATHS = (
					"$(inherited)",
					"@executable_path/Frameworks",
				);
				MARKETING_VERSION = 1.0;
				PRODUCT_BUNDLE_IDENTIFIER = mx.com.gruposalinas.TPDemo;
				PRODUCT_NAME = "$(TARGET_NAME)";
				SWIFT_EMIT_LOC_STRINGS = YES;
				SWIFT_VERSION = 5.0;
				TARGETED_DEVICE_FAMILY = "1,2";
			};
			name = Debug;
		};
		C7D1BBA129A97B10007C1C8E /* Release */ = {
			isa = XCBuildConfiguration;
			buildSettings = {
				ASSETCATALOG_COMPILER_APPICON_NAME = AppIcon;
				ASSETCATALOG_COMPILER_GLOBAL_ACCENT_COLOR_NAME = AccentColor;
				CODE_SIGN_STYLE = Automatic;
				CURRENT_PROJECT_VERSION = 1;
				DEVELOPMENT_ASSET_PATHS = "\"TPDemo/Preview Content\"";
				DEVELOPMENT_TEAM = 3Z28V672S2;
				ENABLE_PREVIEWS = YES;
				GENERATE_INFOPLIST_FILE = YES;
				INFOPLIST_KEY_UIApplicationSceneManifest_Generation = YES;
				INFOPLIST_KEY_UIApplicationSupportsIndirectInputEvents = YES;
				INFOPLIST_KEY_UILaunchScreen_Generation = YES;
				INFOPLIST_KEY_UISupportedInterfaceOrientations_iPad = "UIInterfaceOrientationPortrait UIInterfaceOrientationPortraitUpsideDown UIInterfaceOrientationLandscapeLeft UIInterfaceOrientationLandscapeRight";
				INFOPLIST_KEY_UISupportedInterfaceOrientations_iPhone = "UIInterfaceOrientationPortrait UIInterfaceOrientationLandscapeLeft UIInterfaceOrientationLandscapeRight";
				IPHONEOS_DEPLOYMENT_TARGET = 16.1;
				LD_RUNPATH_SEARCH_PATHS = (
					"$(inherited)",
					"@executable_path/Frameworks",
				);
				MARKETING_VERSION = 1.0;
				PRODUCT_BUNDLE_IDENTIFIER = mx.com.gruposalinas.TPDemo;
				PRODUCT_NAME = "$(TARGET_NAME)";
				SWIFT_EMIT_LOC_STRINGS = YES;
				SWIFT_VERSION = 5.0;
				TARGETED_DEVICE_FAMILY = "1,2";
			};
			name = Release;
		};
/* End XCBuildConfiguration section */

/* Begin XCConfigurationList section */
		C7D1BB8C29A97B0D007C1C8E /* Build configuration list for PBXProject "TPDemo" */ = {
			isa = XCConfigurationList;
			buildConfigurations = (
				C7D1BB9D29A97B10007C1C8E /* Debug */,
				C7D1BB9E29A97B10007C1C8E /* Release */,
			);
			defaultConfigurationIsVisible = 0;
			defaultConfigurationName = Release;
		};
		C7D1BB9F29A97B10007C1C8E /* Build configuration list for PBXNativeTarget "TPDemo" */ = {
			isa = XCConfigurationList;
			buildConfigurations = (
				C7D1BBA029A97B10007C1C8E /* Debug */,
				C7D1BBA129A97B10007C1C8E /* Release */,
			);
			defaultConfigurationIsVisible = 0;
			defaultConfigurationName = Release;
		};
/* End XCConfigurationList section */
	};
	rootObject = C7D1BB8929A97B0D007C1C8E /* Project object */;
}
